// !$*UTF8*$!
{
	archiveVersion = 1;
	classes = {
	};
	objectVersion = 56;
	objects = {

/* Begin PBXBuildFile section */
		7370F14B2B59A40F009D0CA4 /* New_APPApp.swift in Sources */ = {isa = PBXBuildFile; fileRef = 7370F14A2B59A40F009D0CA4 /* New_APPApp.swift */; };
		7370F14D2B59A40F009D0CA4 /* ContentView.swift in Sources */ = {isa = PBXBuildFile; fileRef = 7370F14C2B59A40F009D0CA4 /* ContentView.swift */; };
		7370F14F2B59A411009D0CA4 /* Assets.xcassets in Resources */ = {isa = PBXBuildFile; fileRef = 7370F14E2B59A411009D0CA4 /* Assets.xcassets */; };
		7370F1522B59A411009D0CA4 /* Preview Assets.xcassets in Resources */ = {isa = PBXBuildFile; fileRef = 7370F1512B59A411009D0CA4 /* Preview Assets.xcassets */; };
		7370F15C2B59A411009D0CA4 /* New_APPTests.swift in Sources */ = {isa = PBXBuildFile; fileRef = 7370F15B2B59A411009D0CA4 /* New_APPTests.swift */; };
		7370F1662B59A411009D0CA4 /* New_APPUITests.swift in Sources */ = {isa = PBXBuildFile; fileRef = 7370F1652B59A411009D0CA4 /* New_APPUITests.swift */; };
		7370F1682B59A411009D0CA4 /* New_APPUITestsLaunchTests.swift in Sources */ = {isa = PBXBuildFile; fileRef = 7370F1672B59A411009D0CA4 /* New_APPUITestsLaunchTests.swift */; };
/* End PBXBuildFile section */

/* Begin PBXContainerItemProxy section */
		7370F1582B59A411009D0CA4 /* PBXContainerItemProxy */ = {
			isa = PBXContainerItemProxy;
			containerPortal = 7370F13F2B59A40F009D0CA4 /* Project object */;
			proxyType = 1;
			remoteGlobalIDString = 7370F1462B59A40F009D0CA4;
			remoteInfo = "New APP";
		};
		7370F1622B59A411009D0CA4 /* PBXContainerItemProxy */ = {
			isa = PBXContainerItemProxy;
			containerPortal = 7370F13F2B59A40F009D0CA4 /* Project object */;
			proxyType = 1;
			remoteGlobalIDString = 7370F1462B59A40F009D0CA4;
			remoteInfo = "New APP";
		};
/* End PBXContainerItemProxy section */

/* Begin PBXFileReference section */
		7370F1472B59A40F009D0CA4 /* New APP.app */ = {isa = PBXFileReference; explicitFileType = wrapper.application; includeInIndex = 0; path = "New APP.app"; sourceTree = BUILT_PRODUCTS_DIR; };
		7370F14A2B59A40F009D0CA4 /* New_APPApp.swift */ = {isa = PBXFileReference; lastKnownFileType = sourcecode.swift; path = New_APPApp.swift; sourceTree = "<group>"; };
		7370F14C2B59A40F009D0CA4 /* ContentView.swift */ = {isa = PBXFileReference; lastKnownFileType = sourcecode.swift; path = ContentView.swift; sourceTree = "<group>"; };
		7370F14E2B59A411009D0CA4 /* Assets.xcassets */ = {isa = PBXFileReference; lastKnownFileType = folder.assetcatalog; path = Assets.xcassets; sourceTree = "<group>"; };
		7370F1512B59A411009D0CA4 /* Preview Assets.xcassets */ = {isa = PBXFileReference; lastKnownFileType = folder.assetcatalog; path = "Preview Assets.xcassets"; sourceTree = "<group>"; };
		7370F1572B59A411009D0CA4 /* New APPTests.xctest */ = {isa = PBXFileReference; explicitFileType = wrapper.cfbundle; includeInIndex = 0; path = "New APPTests.xctest"; sourceTree = BUILT_PRODUCTS_DIR; };
		7370F15B2B59A411009D0CA4 /* New_APPTests.swift */ = {isa = PBXFileReference; lastKnownFileType = sourcecode.swift; path = New_APPTests.swift; sourceTree = "<group>"; };
		7370F1612B59A411009D0CA4 /* New APPUITests.xctest */ = {isa = PBXFileReference; explicitFileType = wrapper.cfbundle; includeInIndex = 0; path = "New APPUITests.xctest"; sourceTree = BUILT_PRODUCTS_DIR; };
		7370F1652B59A411009D0CA4 /* New_APPUITests.swift */ = {isa = PBXFileReference; lastKnownFileType = sourcecode.swift; path = New_APPUITests.swift; sourceTree = "<group>"; };
		7370F1672B59A411009D0CA4 /* New_APPUITestsLaunchTests.swift */ = {isa = PBXFileReference; lastKnownFileType = sourcecode.swift; path = New_APPUITestsLaunchTests.swift; sourceTree = "<group>"; };
/* End PBXFileReference section */

/* Begin PBXFrameworksBuildPhase section */
		7370F1442B59A40F009D0CA4 /* Frameworks */ = {
			isa = PBXFrameworksBuildPhase;
			buildActionMask = 2147483647;
			files = (
			);
			runOnlyForDeploymentPostprocessing = 0;
		};
		7370F1542B59A411009D0CA4 /* Frameworks */ = {
			isa = PBXFrameworksBuildPhase;
			buildActionMask = 2147483647;
			files = (
			);
			runOnlyForDeploymentPostprocessing = 0;
		};
		7370F15E2B59A411009D0CA4 /* Frameworks */ = {
			isa = PBXFrameworksBuildPhase;
			buildActionMask = 2147483647;
			files = (
			);
			runOnlyForDeploymentPostprocessing = 0;
		};
/* End PBXFrameworksBuildPhase section */

/* Begin PBXGroup section */
		7370F13E2B59A40F009D0CA4 = {
			isa = PBXGroup;
			children = (
				7370F1492B59A40F009D0CA4 /* New APP */,
				7370F15A2B59A411009D0CA4 /* New APPTests */,
				7370F1642B59A411009D0CA4 /* New APPUITests */,
				7370F1482B59A40F009D0CA4 /* Products */,
			);
			sourceTree = "<group>";
		};
		7370F1482B59A40F009D0CA4 /* Products */ = {
			isa = PBXGroup;
			children = (
				7370F1472B59A40F009D0CA4 /* New APP.app */,
				7370F1572B59A411009D0CA4 /* New APPTests.xctest */,
				7370F1612B59A411009D0CA4 /* New APPUITests.xctest */,
			);
			name = Products;
			sourceTree = "<group>";
		};
		7370F1492B59A40F009D0CA4 /* New APP */ = {
			isa = PBXGroup;
			children = (
				7370F14A2B59A40F009D0CA4 /* New_APPApp.swift */,
				7370F14C2B59A40F009D0CA4 /* ContentView.swift */,
				7370F14E2B59A411009D0CA4 /* Assets.xcassets */,
				7370F1502B59A411009D0CA4 /* Preview Content */,
			);
			path = "New APP";
			sourceTree = "<group>";
		};
		7370F1502B59A411009D0CA4 /* Preview Content */ = {
			isa = PBXGroup;
			children = (
				7370F1512B59A411009D0CA4 /* Preview Assets.xcassets */,
			);
			path = "Preview Content";
			sourceTree = "<group>";
		};
		7370F15A2B59A411009D0CA4 /* New APPTests */ = {
			isa = PBXGroup;
			children = (
				7370F15B2B59A411009D0CA4 /* New_APPTests.swift */,
			);
			path = "New APPTests";
			sourceTree = "<group>";
		};
		7370F1642B59A411009D0CA4 /* New APPUITests */ = {
			isa = PBXGroup;
			children = (
				7370F1652B59A411009D0CA4 /* New_APPUITests.swift */,
				7370F1672B59A411009D0CA4 /* New_APPUITestsLaunchTests.swift */,
			);
			path = "New APPUITests";
			sourceTree = "<group>";
		};
/* End PBXGroup section */

/* Begin PBXNativeTarget section */
		7370F1462B59A40F009D0CA4 /* New APP */ = {
			isa = PBXNativeTarget;
			buildConfigurationList = 7370F16B2B59A411009D0CA4 /* Build configuration list for PBXNativeTarget "New APP" */;
			buildPhases = (
				7370F1432B59A40F009D0CA4 /* Sources */,
				7370F1442B59A40F009D0CA4 /* Frameworks */,
				7370F1452B59A40F009D0CA4 /* Resources */,
			);
			buildRules = (
			);
			dependencies = (
			);
			name = "New APP";
			productName = "New APP";
			productReference = 7370F1472B59A40F009D0CA4 /* New APP.app */;
			productType = "com.apple.product-type.application";
		};
		7370F1562B59A411009D0CA4 /* New APPTests */ = {
			isa = PBXNativeTarget;
			buildConfigurationList = 7370F16E2B59A411009D0CA4 /* Build configuration list for PBXNativeTarget "New APPTests" */;
			buildPhases = (
				7370F1532B59A411009D0CA4 /* Sources */,
				7370F1542B59A411009D0CA4 /* Frameworks */,
				7370F1552B59A411009D0CA4 /* Resources */,
			);
			buildRules = (
			);
			dependencies = (
				7370F1592B59A411009D0CA4 /* PBXTargetDependency */,
			);
			name = "New APPTests";
			productName = "New APPTests";
			productReference = 7370F1572B59A411009D0CA4 /* New APPTests.xctest */;
			productType = "com.apple.product-type.bundle.unit-test";
		};
		7370F1602B59A411009D0CA4 /* New APPUITests */ = {
			isa = PBXNativeTarget;
			buildConfigurationList = 7370F1712B59A411009D0CA4 /* Build configuration list for PBXNativeTarget "New APPUITests" */;
			buildPhases = (
				7370F15D2B59A411009D0CA4 /* Sources */,
				7370F15E2B59A411009D0CA4 /* Frameworks */,
				7370F15F2B59A411009D0CA4 /* Resources */,
			);
			buildRules = (
			);
			dependencies = (
				7370F1632B59A411009D0CA4 /* PBXTargetDependency */,
			);
			name = "New APPUITests";
			productName = "New APPUITests";
			productReference = 7370F1612B59A411009D0CA4 /* New APPUITests.xctest */;
			productType = "com.apple.product-type.bundle.ui-testing";
		};
/* End PBXNativeTarget section */

/* Begin PBXProject section */
		7370F13F2B59A40F009D0CA4 /* Project object */ = {
			isa = PBXProject;
			attributes = {
				BuildIndependentTargetsInParallel = 1;
				LastSwiftUpdateCheck = 1520;
				LastUpgradeCheck = 1520;
				TargetAttributes = {
					7370F1462B59A40F009D0CA4 = {
						CreatedOnToolsVersion = 15.2;
					};
					7370F1562B59A411009D0CA4 = {
						CreatedOnToolsVersion = 15.2;
						TestTargetID = 7370F1462B59A40F009D0CA4;
					};
					7370F1602B59A411009D0CA4 = {
						CreatedOnToolsVersion = 15.2;
						TestTargetID = 7370F1462B59A40F009D0CA4;
					};
				};
			};
			buildConfigurationList = 7370F1422B59A40F009D0CA4 /* Build configuration list for PBXProject "New APP" */;
			compatibilityVersion = "Xcode 14.0";
			developmentRegion = en;
			hasScannedForEncodings = 0;
			knownRegions = (
				en,
				Base,
			);
			mainGroup = 7370F13E2B59A40F009D0CA4;
			productRefGroup = 7370F1482B59A40F009D0CA4 /* Products */;
			projectDirPath = "";
			projectRoot = "";
			targets = (
				7370F1462B59A40F009D0CA4 /* New APP */,
				7370F1562B59A411009D0CA4 /* New APPTests */,
				7370F1602B59A411009D0CA4 /* New APPUITests */,
			);
		};
/* End PBXProject section */

/* Begin PBXResourcesBuildPhase section */
		7370F1452B59A40F009D0CA4 /* Resources */ = {
			isa = PBXResourcesBuildPhase;
			buildActionMask = 2147483647;
			files = (
				7370F1522B59A411009D0CA4 /* Preview Assets.xcassets in Resources */,
				7370F14F2B59A411009D0CA4 /* Assets.xcassets in Resources */,
			);
			runOnlyForDeploymentPostprocessing = 0;
		};
		7370F1552B59A411009D0CA4 /* Resources */ = {
			isa = PBXResourcesBuildPhase;
			buildActionMask = 2147483647;
			files = (
			);
			runOnlyForDeploymentPostprocessing = 0;
		};
		7370F15F2B59A411009D0CA4 /* Resources */ = {
			isa = PBXResourcesBuildPhase;
			buildActionMask = 2147483647;
			files = (
			);
			runOnlyForDeploymentPostprocessing = 0;
		};
/* End PBXResourcesBuildPhase section */

/* Begin PBXSourcesBuildPhase section */
		7370F1432B59A40F009D0CA4 /* Sources */ = {
			isa = PBXSourcesBuildPhase;
			buildActionMask = 2147483647;
			files = (
				7370F14D2B59A40F009D0CA4 /* ContentView.swift in Sources */,
				7370F14B2B59A40F009D0CA4 /* New_APPApp.swift in Sources */,
			);
			runOnlyForDeploymentPostprocessing = 0;
		};
		7370F1532B59A411009D0CA4 /* Sources */ = {
			isa = PBXSourcesBuildPhase;
			buildActionMask = 2147483647;
			files = (
				7370F15C2B59A411009D0CA4 /* New_APPTests.swift in Sources */,
			);
			runOnlyForDeploymentPostprocessing = 0;
		};
		7370F15D2B59A411009D0CA4 /* Sources */ = {
			isa = PBXSourcesBuildPhase;
			buildActionMask = 2147483647;
			files = (
				7370F1662B59A411009D0CA4 /* New_APPUITests.swift in Sources */,
				7370F1682B59A411009D0CA4 /* New_APPUITestsLaunchTests.swift in Sources */,
			);
			runOnlyForDeploymentPostprocessing = 0;
		};
/* End PBXSourcesBuildPhase section */

/* Begin PBXTargetDependency section */
		7370F1592B59A411009D0CA4 /* PBXTargetDependency */ = {
			isa = PBXTargetDependency;
			target = 7370F1462B59A40F009D0CA4 /* New APP */;
			targetProxy = 7370F1582B59A411009D0CA4 /* PBXContainerItemProxy */;
		};
		7370F1632B59A411009D0CA4 /* PBXTargetDependency */ = {
			isa = PBXTargetDependency;
			target = 7370F1462B59A40F009D0CA4 /* New APP */;
			targetProxy = 7370F1622B59A411009D0CA4 /* PBXContainerItemProxy */;
		};
/* End PBXTargetDependency section */

/* Begin XCBuildConfiguration section */
		7370F1692B59A411009D0CA4 /* Debug */ = {
			isa = XCBuildConfiguration;
			buildSettings = {
				ALWAYS_SEARCH_USER_PATHS = NO;
				ASSETCATALOG_COMPILER_GENERATE_SWIFT_ASSET_SYMBOL_EXTENSIONS = YES;
				CLANG_ANALYZER_NONNULL = YES;
				CLANG_ANALYZER_NUMBER_OBJECT_CONVERSION = YES_AGGRESSIVE;
				CLANG_CXX_LANGUAGE_STANDARD = "gnu++20";
				CLANG_ENABLE_MODULES = YES;
				CLANG_ENABLE_OBJC_ARC = YES;
				CLANG_ENABLE_OBJC_WEAK = YES;
				CLANG_WARN_BLOCK_CAPTURE_AUTORELEASING = YES;
				CLANG_WARN_BOOL_CONVERSION = YES;
				CLANG_WARN_COMMA = YES;
				CLANG_WARN_CONSTANT_CONVERSION = YES;
				CLANG_WARN_DEPRECATED_OBJC_IMPLEMENTATIONS = YES;
				CLANG_WARN_DIRECT_OBJC_ISA_USAGE = YES_ERROR;
				CLANG_WARN_DOCUMENTATION_COMMENTS = YES;
				CLANG_WARN_EMPTY_BODY = YES;
				CLANG_WARN_ENUM_CONVERSION = YES;
				CLANG_WARN_INFINITE_RECURSION = YES;
				CLANG_WARN_INT_CONVERSION = YES;
				CLANG_WARN_NON_LITERAL_NULL_CONVERSION = YES;
				CLANG_WARN_OBJC_IMPLICIT_RETAIN_SELF = YES;
				CLANG_WARN_OBJC_LITERAL_CONVERSION = YES;
				CLANG_WARN_OBJC_ROOT_CLASS = YES_ERROR;
				CLANG_WARN_QUOTED_INCLUDE_IN_FRAMEWORK_HEADER = YES;
				CLANG_WARN_RANGE_LOOP_ANALYSIS = YES;
				CLANG_WARN_STRICT_PROTOTYPES = YES;
				CLANG_WARN_SUSPICIOUS_MOVE = YES;
				CLANG_WARN_UNGUARDED_AVAILABILITY = YES_AGGRESSIVE;
				CLANG_WARN_UNREACHABLE_CODE = YES;
				CLANG_WARN__DUPLICATE_METHOD_MATCH = YES;
				COPY_PHASE_STRIP = NO;
				DEBUG_INFORMATION_FORMAT = dwarf;
				ENABLE_STRICT_OBJC_MSGSEND = YES;
				ENABLE_TESTABILITY = YES;
				ENABLE_USER_SCRIPT_SANDBOXING = YES;
				GCC_C_LANGUAGE_STANDARD = gnu17;
				GCC_DYNAMIC_NO_PIC = NO;
				GCC_NO_COMMON_BLOCKS = YES;
				GCC_OPTIMIZATION_LEVEL = 0;
				GCC_PREPROCESSOR_DEFINITIONS = (
					"DEBUG=1",
					"$(inherited)",
				);
				GCC_WARN_64_TO_32_BIT_CONVERSION = YES;
				GCC_WARN_ABOUT_RETURN_TYPE = YES_ERROR;
				GCC_WARN_UNDECLARED_SELECTOR = YES;
				GCC_WARN_UNINITIALIZED_AUTOS = YES_AGGRESSIVE;
				GCC_WARN_UNUSED_FUNCTION = YES;
				GCC_WARN_UNUSED_VARIABLE = YES;
				IPHONEOS_DEPLOYMENT_TARGET = 17.2;
				LOCALIZATION_PREFERS_STRING_CATALOGS = YES;
				MTL_ENABLE_DEBUG_INFO = INCLUDE_SOURCE;
				MTL_FAST_MATH = YES;
				ONLY_ACTIVE_ARCH = YES;
				SDKROOT = iphoneos;
				SWIFT_ACTIVE_COMPILATION_CONDITIONS = "DEBUG $(inherited)";
				SWIFT_OPTIMIZATION_LEVEL = "-Onone";
			};
			name = Debug;
		};
		7370F16A2B59A411009D0CA4 /* Release */ = {
			isa = XCBuildConfiguration;
			buildSettings = {
				ALWAYS_SEARCH_USER_PATHS = NO;
				ASSETCATALOG_COMPILER_GENERATE_SWIFT_ASSET_SYMBOL_EXTENSIONS = YES;
				CLANG_ANALYZER_NONNULL = YES;
				CLANG_ANALYZER_NUMBER_OBJECT_CONVERSION = YES_AGGRESSIVE;
				CLANG_CXX_LANGUAGE_STANDARD = "gnu++20";
				CLANG_ENABLE_MODULES = YES;
				CLANG_ENABLE_OBJC_ARC = YES;
				CLANG_ENABLE_OBJC_WEAK = YES;
				CLANG_WARN_BLOCK_CAPTURE_AUTORELEASING = YES;
				CLANG_WARN_BOOL_CONVERSION = YES;
				CLANG_WARN_COMMA = YES;
				CLANG_WARN_CONSTANT_CONVERSION = YES;
				CLANG_WARN_DEPRECATED_OBJC_IMPLEMENTATIONS = YES;
				CLANG_WARN_DIRECT_OBJC_ISA_USAGE = YES_ERROR;
				CLANG_WARN_DOCUMENTATION_COMMENTS = YES;
				CLANG_WARN_EMPTY_BODY = YES;
				CLANG_WARN_ENUM_CONVERSION = YES;
				CLANG_WARN_INFINITE_RECURSION = YES;
				CLANG_WARN_INT_CONVERSION = YES;
				CLANG_WARN_NON_LITERAL_NULL_CONVERSION = YES;
				CLANG_WARN_OBJC_IMPLICIT_RETAIN_SELF = YES;
				CLANG_WARN_OBJC_LITERAL_CONVERSION = YES;
				CLANG_WARN_OBJC_ROOT_CLASS = YES_ERROR;
				CLANG_WARN_QUOTED_INCLUDE_IN_FRAMEWORK_HEADER = YES;
				CLANG_WARN_RANGE_LOOP_ANALYSIS = YES;
				CLANG_WARN_STRICT_PROTOTYPES = YES;
				CLANG_WARN_SUSPICIOUS_MOVE = YES;
				CLANG_WARN_UNGUARDED_AVAILABILITY = YES_AGGRESSIVE;
				CLANG_WARN_UNREACHABLE_CODE = YES;
				CLANG_WARN__DUPLICATE_METHOD_MATCH = YES;
				COPY_PHASE_STRIP = NO;
				DEBUG_INFORMATION_FORMAT = "dwarf-with-dsym";
				ENABLE_NS_ASSERTIONS = NO;
				ENABLE_STRICT_OBJC_MSGSEND = YES;
				ENABLE_USER_SCRIPT_SANDBOXING = YES;
				GCC_C_LANGUAGE_STANDARD = gnu17;
				GCC_NO_COMMON_BLOCKS = YES;
				GCC_WARN_64_TO_32_BIT_CONVERSION = YES;
				GCC_WARN_ABOUT_RETURN_TYPE = YES_ERROR;
				GCC_WARN_UNDECLARED_SELECTOR = YES;
				GCC_WARN_UNINITIALIZED_AUTOS = YES_AGGRESSIVE;
				GCC_WARN_UNUSED_FUNCTION = YES;
				GCC_WARN_UNUSED_VARIABLE = YES;
				IPHONEOS_DEPLOYMENT_TARGET = 17.2;
				LOCALIZATION_PREFERS_STRING_CATALOGS = YES;
				MTL_ENABLE_DEBUG_INFO = NO;
				MTL_FAST_MATH = YES;
				SDKROOT = iphoneos;
				SWIFT_COMPILATION_MODE = wholemodule;
				VALIDATE_PRODUCT = YES;
			};
			name = Release;
		};
		7370F16C2B59A411009D0CA4 /* Debug */ = {
			isa = XCBuildConfiguration;
			buildSettings = {
				ASSETCATALOG_COMPILER_APPICON_NAME = AppIcon;
				ASSETCATALOG_COMPILER_GLOBAL_ACCENT_COLOR_NAME = AccentColor;
				CODE_SIGN_STYLE = Automatic;
				CURRENT_PROJECT_VERSION = 1;
				DEVELOPMENT_ASSET_PATHS = "\"New APP/Preview Content\"";
				ENABLE_PREVIEWS = YES;
				GENERATE_INFOPLIST_FILE = YES;
				INFOPLIST_KEY_UIApplicationSceneManifest_Generation = YES;
				INFOPLIST_KEY_UIApplicationSupportsIndirectInputEvents = YES;
				INFOPLIST_KEY_UILaunchScreen_Generation = YES;
				INFOPLIST_KEY_UISupportedInterfaceOrientations_iPad = "UIInterfaceOrientationPortrait UIInterfaceOrientationPortraitUpsideDown UIInterfaceOrientationLandscapeLeft UIInterfaceOrientationLandscapeRight";
				INFOPLIST_KEY_UISupportedInterfaceOrientations_iPhone = "UIInterfaceOrientationPortrait UIInterfaceOrientationLandscapeLeft UIInterfaceOrientationLandscapeRight";
				LD_RUNPATH_SEARCH_PATHS = (
					"$(inherited)",
					"@executable_path/Frameworks",
				);
				MARKETING_VERSION = 1.0;
				PRODUCT_BUNDLE_IDENTIFIER = "-234.New-APP";
				PRODUCT_NAME = "$(TARGET_NAME)";
				SWIFT_EMIT_LOC_STRINGS = YES;
				SWIFT_VERSION = 5.0;
				TARGETED_DEVICE_FAMILY = "1,2";
			};
			name = Debug;
		};
		7370F16D2B59A411009D0CA4 /* Release */ = {
			isa = XCBuildConfiguration;
			buildSettings = {
				ASSETCATALOG_COMPILER_APPICON_NAME = AppIcon;
				ASSETCATALOG_COMPILER_GLOBAL_ACCENT_COLOR_NAME = AccentColor;
				CODE_SIGN_STYLE = Automatic;
				CURRENT_PROJECT_VERSION = 1;
				DEVELOPMENT_ASSET_PATHS = "\"New APP/Preview Content\"";
				ENABLE_PREVIEWS = YES;
				GENERATE_INFOPLIST_FILE = YES;
				INFOPLIST_KEY_UIApplicationSceneManifest_Generation = YES;
				INFOPLIST_KEY_UIApplicationSupportsIndirectInputEvents = YES;
				INFOPLIST_KEY_UILaunchScreen_Generation = YES;
				INFOPLIST_KEY_UISupportedInterfaceOrientations_iPad = "UIInterfaceOrientationPortrait UIInterfaceOrientationPortraitUpsideDown UIInterfaceOrientationLandscapeLeft UIInterfaceOrientationLandscapeRight";
				INFOPLIST_KEY_UISupportedInterfaceOrientations_iPhone = "UIInterfaceOrientationPortrait UIInterfaceOrientationLandscapeLeft UIInterfaceOrientationLandscapeRight";
				LD_RUNPATH_SEARCH_PATHS = (
					"$(inherited)",
					"@executable_path/Frameworks",
				);
				MARKETING_VERSION = 1.0;
				PRODUCT_BUNDLE_IDENTIFIER = "-234.New-APP";
				PRODUCT_NAME = "$(TARGET_NAME)";
				SWIFT_EMIT_LOC_STRINGS = YES;
				SWIFT_VERSION = 5.0;
				TARGETED_DEVICE_FAMILY = "1,2";
			};
			name = Release;
		};
		7370F16F2B59A411009D0CA4 /* Debug */ = {
			isa = XCBuildConfiguration;
			buildSettings = {
				ALWAYS_EMBED_SWIFT_STANDARD_LIBRARIES = YES;
				BUNDLE_LOADER = "$(TEST_HOST)";
				CODE_SIGN_STYLE = Automatic;
				CURRENT_PROJECT_VERSION = 1;
				GENERATE_INFOPLIST_FILE = YES;
				IPHONEOS_DEPLOYMENT_TARGET = 17.2;
				MARKETING_VERSION = 1.0;
				PRODUCT_BUNDLE_IDENTIFIER = "-234.New-APPTests";
				PRODUCT_NAME = "$(TARGET_NAME)";
				SWIFT_EMIT_LOC_STRINGS = NO;
				SWIFT_VERSION = 5.0;
				TARGETED_DEVICE_FAMILY = "1,2";
				TEST_HOST = "$(BUILT_PRODUCTS_DIR)/New APP.app/$(BUNDLE_EXECUTABLE_FOLDER_PATH)/New APP";
			};
			name = Debug;
		};
		7370F1702B59A411009D0CA4 /* Release */ = {
			isa = XCBuildConfiguration;
			buildSettings = {
				ALWAYS_EMBED_SWIFT_STANDARD_LIBRARIES = YES;
				BUNDLE_LOADER = "$(TEST_HOST)";
				CODE_SIGN_STYLE = Automatic;
				CURRENT_PROJECT_VERSION = 1;
				GENERATE_INFOPLIST_FILE = YES;
				IPHONEOS_DEPLOYMENT_TARGET = 17.2;
				MARKETING_VERSION = 1.0;
				PRODUCT_BUNDLE_IDENTIFIER = "-234.New-APPTests";
				PRODUCT_NAME = "$(TARGET_NAME)";
				SWIFT_EMIT_LOC_STRINGS = NO;
				SWIFT_VERSION = 5.0;
				TARGETED_DEVICE_FAMILY = "1,2";
				TEST_HOST = "$(BUILT_PRODUCTS_DIR)/New APP.app/$(BUNDLE_EXECUTABLE_FOLDER_PATH)/New APP";
			};
			name = Release;
		};
		7370F1722B59A411009D0CA4 /* Debug */ = {
			isa = XCBuildConfiguration;
			buildSettings = {
				ALWAYS_EMBED_SWIFT_STANDARD_LIBRARIES = YES;
				CODE_SIGN_STYLE = Automatic;
				CURRENT_PROJECT_VERSION = 1;
				GENERATE_INFOPLIST_FILE = YES;
				MARKETING_VERSION = 1.0;
				PRODUCT_BUNDLE_IDENTIFIER = "-234.New-APPUITests";
				PRODUCT_NAME = "$(TARGET_NAME)";
				SWIFT_EMIT_LOC_STRINGS = NO;
				SWIFT_VERSION = 5.0;
				TARGETED_DEVICE_FAMILY = "1,2";
				TEST_TARGET_NAME = "New APP";
			};
			name = Debug;
		};
		7370F1732B59A411009D0CA4 /* Release */ = {
			isa = XCBuildConfiguration;
			buildSettings = {
				ALWAYS_EMBED_SWIFT_STANDARD_LIBRARIES = YES;
				CODE_SIGN_STYLE = Automatic;
				CURRENT_PROJECT_VERSION = 1;
				GENERATE_INFOPLIST_FILE = YES;
				MARKETING_VERSION = 1.0;
				PRODUCT_BUNDLE_IDENTIFIER = "-234.New-APPUITests";
				PRODUCT_NAME = "$(TARGET_NAME)";
				SWIFT_EMIT_LOC_STRINGS = NO;
				SWIFT_VERSION = 5.0;
				TARGETED_DEVICE_FAMILY = "1,2";
				TEST_TARGET_NAME = "New APP";
			};
			name = Release;
		};
/* End XCBuildConfiguration section */

/* Begin XCConfigurationList section */
		7370F1422B59A40F009D0CA4 /* Build configuration list for PBXProject "New APP" */ = {
			isa = XCConfigurationList;
			buildConfigurations = (
				7370F1692B59A411009D0CA4 /* Debug */,
				7370F16A2B59A411009D0CA4 /* Release */,
			);
			defaultConfigurationIsVisible = 0;
			defaultConfigurationName = Release;
		};
		7370F16B2B59A411009D0CA4 /* Build configuration list for PBXNativeTarget "New APP" */ = {
			isa = XCConfigurationList;
			buildConfigurations = (
				7370F16C2B59A411009D0CA4 /* Debug */,
				7370F16D2B59A411009D0CA4 /* Release */,
			);
			defaultConfigurationIsVisible = 0;
			defaultConfigurationName = Release;
		};
		7370F16E2B59A411009D0CA4 /* Build configuration list for PBXNativeTarget "New APPTests" */ = {
			isa = XCConfigurationList;
			buildConfigurations = (
				7370F16F2B59A411009D0CA4 /* Debug */,
				7370F1702B59A411009D0CA4 /* Release */,
			);
			defaultConfigurationIsVisible = 0;
			defaultConfigurationName = Release;
		};
		7370F1712B59A411009D0CA4 /* Build configuration list for PBXNativeTarget "New APPUITests" */ = {
			isa = XCConfigurationList;
			buildConfigurations = (
				7370F1722B59A411009D0CA4 /* Debug */,
				7370F1732B59A411009D0CA4 /* Release */,
			);
			defaultConfigurationIsVisible = 0;
			defaultConfigurationName = Release;
		};
/* End XCConfigurationList section */
	};
	rootObject = 7370F13F2B59A40F009D0CA4 /* Project object */;
}
